
Microsoft Visual Studio Solution File, Format Version 12.00
# Visual Studio Version 17
VisualStudioVersion = 17.7.34009.444
MinimumVisualStudioVersion = 10.0.40219.1
Project("{D2ABAB84-BF74-430A-B69E-9DC6D40DDA17}") = "CuboX", "CuboX\CuboX.dwproj", "{B53271CF-A38D-4D5B-964E-24F292B4DC7F}"
EndProject
Global
	GlobalSection(SolutionConfigurationPlatforms) = preSolution
		Development|Default = Development|Default
	EndGlobalSection
	GlobalSection(ProjectConfigurationPlatforms) = postSolution
		{B53271CF-A38D-4D5B-964E-24F292B4DC7F}.Development|Default.ActiveCfg = Development
		{B53271CF-A38D-4D5B-964E-24F292B4DC7F}.Development|Default.Build.0 = Development
		{B53271CF-A38D-4D5B-964E-24F292B4DC7F}.Development|Default.Deploy.0 = Development
	EndGlobalSection
	GlobalSection(SolutionProperties) = preSolution
		HideSolutionNode = FALSE
	EndGlobalSection
	GlobalSection(ExtensibilityGlobals) = postSolution
		SolutionGuid = {72AD4E7B-BD0E-4C23-AF3E-110AFE01F890}
	EndGlobalSection
EndGlobal
